// !$*UTF8*$!
{
	archiveVersion = 1;
	classes = {
	};
	objectVersion = 46;
	objects = {

/* Begin PBXBuildFile section */
		A67111C61C11D30B005F8225 /* HomePageAnimationUtil.m in Sources */ = {isa = PBXBuildFile; fileRef = A67111C51C11D30B005F8225 /* HomePageAnimationUtil.m */; };
		A6B919371C1095A7001AECB3 /* main.m in Sources */ = {isa = PBXBuildFile; fileRef = A6B919361C1095A7001AECB3 /* main.m */; };
		A6B9193A1C1095A7001AECB3 /* AppDelegate.m in Sources */ = {isa = PBXBuildFile; fileRef = A6B919391C1095A7001AECB3 /* AppDelegate.m */; };
		A6B9193D1C1095A7001AECB3 /* ViewController.m in Sources */ = {isa = PBXBuildFile; fileRef = A6B9193C1C1095A7001AECB3 /* ViewController.m */; };
		A6B919401C1095A7001AECB3 /* Main.storyboard in Resources */ = {isa = PBXBuildFile; fileRef = A6B9193E1C1095A7001AECB3 /* Main.storyboard */; };
		A6B919421C1095A7001AECB3 /* Assets.xcassets in Resources */ = {isa = PBXBuildFile; fileRef = A6B919411C1095A7001AECB3 /* Assets.xcassets */; };
		A6B919451C1095A7001AECB3 /* LaunchScreen.storyboard in Resources */ = {isa = PBXBuildFile; fileRef = A6B919431C1095A7001AECB3 /* LaunchScreen.storyboard */; };
		A6B9194F1C109A0D001AECB3 /* TransitioningFromHomeToRunning.m in Sources */ = {isa = PBXBuildFile; fileRef = A6B9194E1C109A0D001AECB3 /* TransitioningFromHomeToRunning.m */; };
		A6B919521C109A6C001AECB3 /* RunningViewController.m in Sources */ = {isa = PBXBuildFile; fileRef = A6B919511C109A6C001AECB3 /* RunningViewController.m */; };
		A6B919551C109B93001AECB3 /* TransitionFromRunningToHome.m in Sources */ = {isa = PBXBuildFile; fileRef = A6B919541C109B93001AECB3 /* TransitionFromRunningToHome.m */; };
/* End PBXBuildFile section */

/* Begin PBXFileReference section */
		A67111C41C11D30B005F8225 /* HomePageAnimationUtil.h */ = {isa = PBXFileReference; fileEncoding = 4; lastKnownFileType = sourcecode.c.h; path = HomePageAnimationUtil.h; sourceTree = "<group>"; };
		A67111C51C11D30B005F8225 /* HomePageAnimationUtil.m */ = {isa = PBXFileReference; fileEncoding = 4; lastKnownFileType = sourcecode.c.objc; path = HomePageAnimationUtil.m; sourceTree = "<group>"; };
		A6B919321C1095A7001AECB3 /* TestRunAnimation.app */ = {isa = PBXFileReference; explicitFileType = wrapper.application; includeInIndex = 0; path = TestRunAnimation.app; sourceTree = BUILT_PRODUCTS_DIR; };
		A6B919361C1095A7001AECB3 /* main.m */ = {isa = PBXFileReference; lastKnownFileType = sourcecode.c.objc; path = main.m; sourceTree = "<group>"; };
		A6B919381C1095A7001AECB3 /* AppDelegate.h */ = {isa = PBXFileReference; lastKnownFileType = sourcecode.c.h; path = AppDelegate.h; sourceTree = "<group>"; };
		A6B919391C1095A7001AECB3 /* AppDelegate.m */ = {isa = PBXFileReference; lastKnownFileType = sourcecode.c.objc; path = AppDelegate.m; sourceTree = "<group>"; };
		A6B9193B1C1095A7001AECB3 /* ViewController.h */ = {isa = PBXFileReference; lastKnownFileType = sourcecode.c.h; path = ViewController.h; sourceTree = "<group>"; };
		A6B9193C1C1095A7001AECB3 /* ViewController.m */ = {isa = PBXFileReference; lastKnownFileType = sourcecode.c.objc; path = ViewController.m; sourceTree = "<group>"; };
		A6B9193F1C1095A7001AECB3 /* Base */ = {isa = PBXFileReference; lastKnownFileType = file.storyboard; name = Base; path = Base.lproj/Main.storyboard; sourceTree = "<group>"; };
		A6B919411C1095A7001AECB3 /* Assets.xcassets */ = {isa = PBXFileReference; lastKnownFileType = folder.assetcatalog; path = Assets.xcassets; sourceTree = "<group>"; };
		A6B919441C1095A7001AECB3 /* Base */ = {isa = PBXFileReference; lastKnownFileType = file.storyboard; name = Base; path = Base.lproj/LaunchScreen.storyboard; sourceTree = "<group>"; };
		A6B919461C1095A7001AECB3 /* Info.plist */ = {isa = PBXFileReference; lastKnownFileType = text.plist.xml; path = Info.plist; sourceTree = "<group>"; };
		A6B9194D1C109A0D001AECB3 /* TransitioningFromHomeToRunning.h */ = {isa = PBXFileReference; fileEncoding = 4; lastKnownFileType = sourcecode.c.h; path = TransitioningFromHomeToRunning.h; sourceTree = "<group>"; };
		A6B9194E1C109A0D001AECB3 /* TransitioningFromHomeToRunning.m */ = {isa = PBXFileReference; fileEncoding = 4; lastKnownFileType = sourcecode.c.objc; path = TransitioningFromHomeToRunning.m; sourceTree = "<group>"; };
		A6B919501C109A6C001AECB3 /* RunningViewController.h */ = {isa = PBXFileReference; fileEncoding = 4; lastKnownFileType = sourcecode.c.h; path = RunningViewController.h; sourceTree = "<group>"; };
		A6B919511C109A6C001AECB3 /* RunningViewController.m */ = {isa = PBXFileReference; fileEncoding = 4; lastKnownFileType = sourcecode.c.objc; path = RunningViewController.m; sourceTree = "<group>"; };
		A6B919531C109B93001AECB3 /* TransitionFromRunningToHome.h */ = {isa = PBXFileReference; fileEncoding = 4; lastKnownFileType = sourcecode.c.h; path = TransitionFromRunningToHome.h; sourceTree = "<group>"; };
		A6B919541C109B93001AECB3 /* TransitionFromRunningToHome.m */ = {isa = PBXFileReference; fileEncoding = 4; lastKnownFileType = sourcecode.c.objc; path = TransitionFromRunningToHome.m; sourceTree = "<group>"; };
/* End PBXFileReference section */

/* Begin PBXFrameworksBuildPhase section */
		A6B9192F1C1095A7001AECB3 /* Frameworks */ = {
			isa = PBXFrameworksBuildPhase;
			buildActionMask = 2147483647;
			files = (
			);
			runOnlyForDeploymentPostprocessing = 0;
		};
/* End PBXFrameworksBuildPhase section */

/* Begin PBXGroup section */
		A67111C31C11D2F5005F8225 /* uitl */ = {
			isa = PBXGroup;
			children = (
				A67111C41C11D30B005F8225 /* HomePageAnimationUtil.h */,
				A67111C51C11D30B005F8225 /* HomePageAnimationUtil.m */,
			);
			name = uitl;
			sourceTree = "<group>";
		};
		A6B919291C1095A7001AECB3 = {
			isa = PBXGroup;
			children = (
				A6B919341C1095A7001AECB3 /* TestRunAnimation */,
				A6B919331C1095A7001AECB3 /* Products */,
			);
			sourceTree = "<group>";
		};
		A6B919331C1095A7001AECB3 /* Products */ = {
			isa = PBXGroup;
			children = (
				A6B919321C1095A7001AECB3 /* TestRunAnimation.app */,
			);
			name = Products;
			sourceTree = "<group>";
		};
		A6B919341C1095A7001AECB3 /* TestRunAnimation */ = {
			isa = PBXGroup;
			children = (
				A67111C31C11D2F5005F8225 /* uitl */,
				A6B9194C1C1099B7001AECB3 /* transition */,
				A6B919381C1095A7001AECB3 /* AppDelegate.h */,
				A6B919391C1095A7001AECB3 /* AppDelegate.m */,
				A6B9193B1C1095A7001AECB3 /* ViewController.h */,
				A6B9193C1C1095A7001AECB3 /* ViewController.m */,
				A6B919501C109A6C001AECB3 /* RunningViewController.h */,
				A6B919511C109A6C001AECB3 /* RunningViewController.m */,
				A6B9193E1C1095A7001AECB3 /* Main.storyboard */,
				A6B919411C1095A7001AECB3 /* Assets.xcassets */,
				A6B919431C1095A7001AECB3 /* LaunchScreen.storyboard */,
				A6B919461C1095A7001AECB3 /* Info.plist */,
				A6B919351C1095A7001AECB3 /* Supporting Files */,
			);
			path = TestRunAnimation;
			sourceTree = "<group>";
		};
		A6B919351C1095A7001AECB3 /* Supporting Files */ = {
			isa = PBXGroup;
			children = (
				A6B919361C1095A7001AECB3 /* main.m */,
			);
			name = "Supporting Files";
			sourceTree = "<group>";
		};
		A6B9194C1C1099B7001AECB3 /* transition */ = {
			isa = PBXGroup;
			children = (
				A6B9194D1C109A0D001AECB3 /* TransitioningFromHomeToRunning.h */,
				A6B9194E1C109A0D001AECB3 /* TransitioningFromHomeToRunning.m */,
				A6B919531C109B93001AECB3 /* TransitionFromRunningToHome.h */,
				A6B919541C109B93001AECB3 /* TransitionFromRunningToHome.m */,
			);
			name = transition;
			sourceTree = "<group>";
		};
/* End PBXGroup section */

/* Begin PBXNativeTarget section */
		A6B919311C1095A7001AECB3 /* TestRunAnimation */ = {
			isa = PBXNativeTarget;
			buildConfigurationList = A6B919491C1095A7001AECB3 /* Build configuration list for PBXNativeTarget "TestRunAnimation" */;
			buildPhases = (
				A6B9192E1C1095A7001AECB3 /* Sources */,
				A6B9192F1C1095A7001AECB3 /* Frameworks */,
				A6B919301C1095A7001AECB3 /* Resources */,
			);
			buildRules = (
			);
			dependencies = (
			);
			name = TestRunAnimation;
			productName = TestRunAnimation;
			productReference = A6B919321C1095A7001AECB3 /* TestRunAnimation.app */;
			productType = "com.apple.product-type.application";
		};
/* End PBXNativeTarget section */

/* Begin PBXProject section */
		A6B9192A1C1095A7001AECB3 /* Project object */ = {
			isa = PBXProject;
			attributes = {
				LastUpgradeCheck = 0710;
				ORGANIZATIONNAME = Paodong;
				TargetAttributes = {
					A6B919311C1095A7001AECB3 = {
						CreatedOnToolsVersion = 7.1.1;
						DevelopmentTeam = L6U7BB57HF;
					};
				};
			};
			buildConfigurationList = A6B9192D1C1095A7001AECB3 /* Build configuration list for PBXProject "TestRunAnimation" */;
			compatibilityVersion = "Xcode 3.2";
			developmentRegion = English;
			hasScannedForEncodings = 0;
			knownRegions = (
				en,
				Base,
			);
			mainGroup = A6B919291C1095A7001AECB3;
			productRefGroup = A6B919331C1095A7001AECB3 /* Products */;
			projectDirPath = "";
			projectRoot = "";
			targets = (
				A6B919311C1095A7001AECB3 /* TestRunAnimation */,
			);
		};
/* End PBXProject section */

/* Begin PBXResourcesBuildPhase section */
		A6B919301C1095A7001AECB3 /* Resources */ = {
			isa = PBXResourcesBuildPhase;
			buildActionMask = 2147483647;
			files = (
				A6B919451C1095A7001AECB3 /* LaunchScreen.storyboard in Resources */,
				A6B919421C1095A7001AECB3 /* Assets.xcassets in Resources */,
				A6B919401C1095A7001AECB3 /* Main.storyboard in Resources */,
			);
			runOnlyForDeploymentPostprocessing = 0;
		};
/* End PBXResourcesBuildPhase section */

/* Begin PBXSourcesBuildPhase section */
		A6B9192E1C1095A7001AECB3 /* Sources */ = {
			isa = PBXSourcesBuildPhase;
			buildActionMask = 2147483647;
			files = (
				A6B9193D1C1095A7001AECB3 /* ViewController.m in Sources */,
				A6B9193A1C1095A7001AECB3 /* AppDelegate.m in Sources */,
				A6B919521C109A6C001AECB3 /* RunningViewController.m in Sources */,
				A6B9194F1C109A0D001AECB3 /* TransitioningFromHomeToRunning.m in Sources */,
				A6B919551C109B93001AECB3 /* TransitionFromRunningToHome.m in Sources */,
				A67111C61C11D30B005F8225 /* HomePageAnimationUtil.m in Sources */,
				A6B919371C1095A7001AECB3 /* main.m in Sources */,
			);
			runOnlyForDeploymentPostprocessing = 0;
		};
/* End PBXSourcesBuildPhase section */

/* Begin PBXVariantGroup section */
		A6B9193E1C1095A7001AECB3 /* Main.storyboard */ = {
			isa = PBXVariantGroup;
			children = (
				A6B9193F1C1095A7001AECB3 /* Base */,
			);
			name = Main.storyboard;
			sourceTree = "<group>";
		};
		A6B919431C1095A7001AECB3 /* LaunchScreen.storyboard */ = {
			isa = PBXVariantGroup;
			children = (
				A6B919441C1095A7001AECB3 /* Base */,
			);
			name = LaunchScreen.storyboard;
			sourceTree = "<group>";
		};
/* End PBXVariantGroup section */

/* Begin XCBuildConfiguration section */
		A6B919471C1095A7001AECB3 /* Debug */ = {
			isa = XCBuildConfiguration;
			buildSettings = {
				ALWAYS_SEARCH_USER_PATHS = NO;
				CLANG_CXX_LANGUAGE_STANDARD = "gnu++0x";
				CLANG_CXX_LIBRARY = "libc++";
				CLANG_ENABLE_MODULES = YES;
				CLANG_ENABLE_OBJC_ARC = YES;
				CLANG_WARN_BOOL_CONVERSION = YES;
				CLANG_WARN_CONSTANT_CONVERSION = YES;
				CLANG_WARN_DIRECT_OBJC_ISA_USAGE = YES_ERROR;
				CLANG_WARN_EMPTY_BODY = YES;
				CLANG_WARN_ENUM_CONVERSION = YES;
				CLANG_WARN_INT_CONVERSION = YES;
				CLANG_WARN_OBJC_ROOT_CLASS = YES_ERROR;
				CLANG_WARN_UNREACHABLE_CODE = YES;
				CLANG_WARN__DUPLICATE_METHOD_MATCH = YES;
				"CODE_SIGN_IDENTITY[sdk=iphoneos*]" = "iPhone Developer";
				COPY_PHASE_STRIP = NO;
				DEBUG_INFORMATION_FORMAT = dwarf;
				ENABLE_STRICT_OBJC_MSGSEND = YES;
				ENABLE_TESTABILITY = YES;
				GCC_C_LANGUAGE_STANDARD = gnu99;
				GCC_DYNAMIC_NO_PIC = NO;
				GCC_NO_COMMON_BLOCKS = YES;
				GCC_OPTIMIZATION_LEVEL = 0;
				GCC_PREPROCESSOR_DEFINITIONS = (
					"DEBUG=1",
					"$(inherited)",
				);
				GCC_WARN_64_TO_32_BIT_CONVERSION = YES;
				GCC_WARN_ABOUT_RETURN_TYPE = YES_ERROR;
				GCC_WARN_UNDECLARED_SELECTOR = YES;
				GCC_WARN_UNINITIALIZED_AUTOS = YES_AGGRESSIVE;
				GCC_WARN_UNUSED_FUNCTION = YES;
				GCC_WARN_UNUSED_VARIABLE = YES;
				IPHONEOS_DEPLOYMENT_TARGET = 9.1;
				MTL_ENABLE_DEBUG_INFO = YES;
				ONLY_ACTIVE_ARCH = YES;
				SDKROOT = iphoneos;
			};
			name = Debug;
		};
		A6B919481C1095A7001AECB3 /* Release */ = {
			isa = XCBuildConfiguration;
			buildSettings = {
				ALWAYS_SEARCH_USER_PATHS = NO;
				CLANG_CXX_LANGUAGE_STANDARD = "gnu++0x";
				CLANG_CXX_LIBRARY = "libc++";
				CLANG_ENABLE_MODULES = YES;
				CLANG_ENABLE_OBJC_ARC = YES;
				CLANG_WARN_BOOL_CONVERSION = YES;
				CLANG_WARN_CONSTANT_CONVERSION = YES;
				CLANG_WARN_DIRECT_OBJC_ISA_USAGE = YES_ERROR;
				CLANG_WARN_EMPTY_BODY = YES;
				CLANG_WARN_ENUM_CONVERSION = YES;
				CLANG_WARN_INT_CONVERSION = YES;
				CLANG_WARN_OBJC_ROOT_CLASS = YES_ERROR;
				CLANG_WARN_UNREACHABLE_CODE = YES;
				CLANG_WARN__DUPLICATE_METHOD_MATCH = YES;
				"CODE_SIGN_IDENTITY[sdk=iphoneos*]" = "iPhone Developer";
				COPY_PHASE_STRIP = NO;
				DEBUG_INFORMATION_FORMAT = "dwarf-with-dsym";
				ENABLE_NS_ASSERTIONS = NO;
				ENABLE_STRICT_OBJC_MSGSEND = YES;
				GCC_C_LANGUAGE_STANDARD = gnu99;
				GCC_NO_COMMON_BLOCKS = YES;
				GCC_WARN_64_TO_32_BIT_CONVERSION = YES;
				GCC_WARN_ABOUT_RETURN_TYPE = YES_ERROR;
				GCC_WARN_UNDECLARED_SELECTOR = YES;
				GCC_WARN_UNINITIALIZED_AUTOS = YES_AGGRESSIVE;
				GCC_WARN_UNUSED_FUNCTION = YES;
				GCC_WARN_UNUSED_VARIABLE = YES;
				IPHONEOS_DEPLOYMENT_TARGET = 9.1;
				MTL_ENABLE_DEBUG_INFO = NO;
				SDKROOT = iphoneos;
				VALIDATE_PRODUCT = YES;
			};
			name = Release;
		};
		A6B9194A1C1095A7001AECB3 /* Debug */ = {
			isa = XCBuildConfiguration;
			buildSettings = {
				ASSETCATALOG_COMPILER_APPICON_NAME = AppIcon;
				CODE_SIGN_IDENTITY = "iPhone Developer";
				INFOPLIST_FILE = TestRunAnimation/Info.plist;
				IPHONEOS_DEPLOYMENT_TARGET = 8.0;
				LD_RUNPATH_SEARCH_PATHS = "$(inherited) @executable_path/Frameworks";
				PRODUCT_BUNDLE_IDENTIFIER = com.runmaf.TestRunAnimation;
				PRODUCT_NAME = "$(TARGET_NAME)";
			};
			name = Debug;
		};
		A6B9194B1C1095A7001AECB3 /* Release */ = {
			isa = XCBuildConfiguration;
			buildSettings = {
				ASSETCATALOG_COMPILER_APPICON_NAME = AppIcon;
				CODE_SIGN_IDENTITY = "iPhone Developer";
				INFOPLIST_FILE = TestRunAnimation/Info.plist;
				IPHONEOS_DEPLOYMENT_TARGET = 8.0;
				LD_RUNPATH_SEARCH_PATHS = "$(inherited) @executable_path/Frameworks";
				PRODUCT_BUNDLE_IDENTIFIER = com.runmaf.TestRunAnimation;
				PRODUCT_NAME = "$(TARGET_NAME)";
			};
			name = Release;
		};
/* End XCBuildConfiguration section */

/* Begin XCConfigurationList section */
		A6B9192D1C1095A7001AECB3 /* Build configuration list for PBXProject "TestRunAnimation" */ = {
			isa = XCConfigurationList;
			buildConfigurations = (
				A6B919471C1095A7001AECB3 /* Debug */,
				A6B919481C1095A7001AECB3 /* Release */,
			);
			defaultConfigurationIsVisible = 0;
			defaultConfigurationName = Release;
		};
		A6B919491C1095A7001AECB3 /* Build configuration list for PBXNativeTarget "TestRunAnimation" */ = {
			isa = XCConfigurationList;
			buildConfigurations = (
				A6B9194A1C1095A7001AECB3 /* Debug */,
				A6B9194B1C1095A7001AECB3 /* Release */,
			);
			defaultConfigurationIsVisible = 0;
			defaultConfigurationName = Release;
		};
/* End XCConfigurationList section */
	};
	rootObject = A6B9192A1C1095A7001AECB3 /* Project object */;
}
